<?xml version="1.0" encoding="utf-8"?>
<Project ToolsVersion="4.0" xmlns="http://schemas.microsoft.com/developer/msbuild/2003">
  <ItemGroup>
    <Filter Include="Source Files">
      <UniqueIdentifier>{4FC737F1-C7A5-4376-A066-2A32D752A2FF}</UniqueIdentifier>
      <Extensions>cpp;c;cc;cxx;c++;cppm;ixx;def;odl;idl;hpj;bat;asm;asmx</Extensions>
    </Filter>
    <Filter Include="Header Files">
      <UniqueIdentifier>{93995380-89BD-4b04-88EB-625FBE52EBFB}</UniqueIdentifier>
      <Extensions>h;hh;hpp;hxx;h++;hm;inl;inc;ipp;xsd</Extensions>
    </Filter>
    <Filter Include="Resource Files">
      <UniqueIdentifier>{67DA6AB6-F800-4c08-8B7A-83BB121AAD01}</UniqueIdentifier>
      <Extensions>rc;ico;cur;bmp;dlg;rc2;rct;bin;rgs;gif;jpg;jpeg;jpe;resx;tiff;tif;png;wav;mfcribbon-ms</Extensions>
    </Filter>
  </ItemGroup>
  <ItemGroup>
    <ClCompile Include="Main.cpp">
      <Filter>Source Files</Filter>
    </ClCompile>
    <ClCompile Include="ComponentManager\EngineComp.cpp">
      <Filter>Source Files</Filter>
    </ClCompile>
    <ClCompile Include="ComponentManager\GameObject.cpp">
      <Filter>Source Files</Filter>
    </ClCompile>
    <ClCompile Include="Components\TransformComp.cpp">
      <Filter>Source Files</Filter>
    </ClCompile>
    <ClCompile Include="GSM\myGameStateManager.cpp">
      <Filter>Source Files</Filter>
    </ClCompile>
    <ClCompile Include="GSM\myMainLevel.cpp">
      <Filter>Source Files</Filter>
    </ClCompile>
    <ClCompile Include="GSM\myMainLevel.h">
      <Filter>Header Files</Filter>
    </ClCompile>
    <ClCompile Include="Components\SpriteComp.cpp">
      <Filter>Source Files</Filter>
    </ClCompile>
    <ClCompile Include="ComponentManager\GraphicsComp.cpp">
      <Filter>Source Files</Filter>
    </ClCompile>
    <ClCompile Include="Components\Rigidbody.cpp">
      <Filter>Source Files</Filter>
    </ClCompile>
    <ClCompile Include="Components\AudioComp.cpp">
      <Filter>Source Files</Filter>
    </ClCompile>
    <ClCompile Include="Components\PlayerComp.cpp">
      <Filter>Source Files</Filter>
    </ClCompile>
    <ClCompile Include="ComponentManager\LogicComp.cpp">
      <Filter>Source Files</Filter>
    </ClCompile>
    <ClCompile Include="GSM\myGoalLevel.cpp">
      <Filter>Source Files</Filter>
    </ClCompile>
    <ClCompile Include="GameObject\GameObjectManager.h">
      <Filter>Source Files</Filter>
    </ClCompile>
    <ClCompile Include="GameObject\GameObjectManager.cpp">
      <Filter>Source Files</Filter>
    </ClCompile>
    <ClCompile Include="Components\CollisionComp.cpp">
      <Filter>Source Files</Filter>
    </ClCompile>
  </ItemGroup>
  <ItemGroup>
    <ClInclude Include="score.h">
      <Filter>Header Files</Filter>
    </ClInclude>
    <ClInclude Include="ComponentManager\BaseComp.h">
      <Filter>Header Files</Filter>
    </ClInclude>
    <ClInclude Include="ComponentManager\EngineComp.h">
      <Filter>Header Files</Filter>
    </ClInclude>
    <ClInclude Include="ComponentManager\GameObject.h">
      <Filter>Header Files</Filter>
    </ClInclude>
    <ClInclude Include="Components\TransformComp.h">
      <Filter>Header Files</Filter>
    </ClInclude>
    <ClInclude Include="GSM\myBaseLevel.h">
      <Filter>Header Files</Filter>
    </ClInclude>
    <ClInclude Include="GSM\myGameStateManager.h">
      <Filter>Header Files</Filter>
    </ClInclude>
    <ClInclude Include="ComponentManager\Manager.h">
      <Filter>Header Files</Filter>
    </ClInclude>
    <ClInclude Include="Components\SpriteComp.h">
      <Filter>Header Files</Filter>
    </ClInclude>
    <ClInclude Include="ComponentManager\GraphicsComp.h">
      <Filter>Header Files</Filter>
    </ClInclude>
    <ClInclude Include="Components\Rigidbody.h">
      <Filter>Header Files</Filter>
    </ClInclude>
    <ClInclude Include="Components\AudioComp.h">
      <Filter>Header Files</Filter>
    </ClInclude>
    <ClInclude Include="Components\PlayerComp.h">
      <Filter>Header Files</Filter>
    </ClInclude>
    <ClInclude Include="ComponentManager\LogicComp.h">
      <Filter>Header Files</Filter>
    </ClInclude>
    <ClInclude Include="GSM\myGoalLevel.h">
      <Filter>Header Files</Filter>
    </ClInclude>
    <ClInclude Include="Components\ballComp.h">
      <Filter>Header Files</Filter>
    </ClInclude>
    <ClInclude Include="Components\CollisionComp.h">
      <Filter>Header Files</Filter>
    </ClInclude>
  </ItemGroup>
  <ItemGroup>
    <None Include="ComponentManager\GameObject.inl">
      <Filter>Header Files</Filter>
    </None>
    <None Include="ComponentManager\Manager.inl">
      <Filter>Header Files</Filter>
    </None>
  </ItemGroup>
</Project>